// !$*UTF8*$!
{
	archiveVersion = 1;
	classes = {
	};
	objectVersion = 50;
	objects = {

/* Begin PBXBuildFile section */
		801CA37524CD470600E6341F /* AppDelegate.swift in Sources */ = {isa = PBXBuildFile; fileRef = 801CA37424CD470600E6341F /* AppDelegate.swift */; };
		801CA37724CD470600E6341F /* SceneDelegate.swift in Sources */ = {isa = PBXBuildFile; fileRef = 801CA37624CD470600E6341F /* SceneDelegate.swift */; };
		801CA37924CD470600E6341F /* ViewController.swift in Sources */ = {isa = PBXBuildFile; fileRef = 801CA37824CD470600E6341F /* ViewController.swift */; };
		801CA37C24CD470600E6341F /* Main.storyboard in Resources */ = {isa = PBXBuildFile; fileRef = 801CA37A24CD470600E6341F /* Main.storyboard */; };
		801CA37E24CD470800E6341F /* Assets.xcassets in Resources */ = {isa = PBXBuildFile; fileRef = 801CA37D24CD470800E6341F /* Assets.xcassets */; };
		801CA38124CD470800E6341F /* LaunchScreen.storyboard in Resources */ = {isa = PBXBuildFile; fileRef = 801CA37F24CD470800E6341F /* LaunchScreen.storyboard */; };
		801CA38C24CD470900E6341F /* tip_calculatorTests.swift in Sources */ = {isa = PBXBuildFile; fileRef = 801CA38B24CD470900E6341F /* tip_calculatorTests.swift */; };
		801CA39724CD470900E6341F /* tip_calculatorUITests.swift in Sources */ = {isa = PBXBuildFile; fileRef = 801CA39624CD470900E6341F /* tip_calculatorUITests.swift */; };
/* End PBXBuildFile section */

/* Begin PBXContainerItemProxy section */
		801CA38824CD470900E6341F /* PBXContainerItemProxy */ = {
			isa = PBXContainerItemProxy;
			containerPortal = 801CA36924CD470600E6341F /* Project object */;
			proxyType = 1;
			remoteGlobalIDString = 801CA37024CD470600E6341F;
			remoteInfo = "tip calculator";
		};
		801CA39324CD470900E6341F /* PBXContainerItemProxy */ = {
			isa = PBXContainerItemProxy;
			containerPortal = 801CA36924CD470600E6341F /* Project object */;
			proxyType = 1;
			remoteGlobalIDString = 801CA37024CD470600E6341F;
			remoteInfo = "tip calculator";
		};
/* End PBXContainerItemProxy section */

/* Begin PBXFileReference section */
		801CA37124CD470600E6341F /* tip calculator.app */ = {isa = PBXFileReference; explicitFileType = wrapper.application; includeInIndex = 0; path = "tip calculator.app"; sourceTree = BUILT_PRODUCTS_DIR; };
		801CA37424CD470600E6341F /* AppDelegate.swift */ = {isa = PBXFileReference; lastKnownFileType = sourcecode.swift; path = AppDelegate.swift; sourceTree = "<group>"; };
		801CA37624CD470600E6341F /* SceneDelegate.swift */ = {isa = PBXFileReference; lastKnownFileType = sourcecode.swift; path = SceneDelegate.swift; sourceTree = "<group>"; };
		801CA37824CD470600E6341F /* ViewController.swift */ = {isa = PBXFileReference; lastKnownFileType = sourcecode.swift; path = ViewController.swift; sourceTree = "<group>"; };
		801CA37B24CD470600E6341F /* Base */ = {isa = PBXFileReference; lastKnownFileType = file.storyboard; name = Base; path = Base.lproj/Main.storyboard; sourceTree = "<group>"; };
		801CA37D24CD470800E6341F /* Assets.xcassets */ = {isa = PBXFileReference; lastKnownFileType = folder.assetcatalog; path = Assets.xcassets; sourceTree = "<group>"; };
		801CA38024CD470800E6341F /* Base */ = {isa = PBXFileReference; lastKnownFileType = file.storyboard; name = Base; path = Base.lproj/LaunchScreen.storyboard; sourceTree = "<group>"; };
		801CA38224CD470800E6341F /* Info.plist */ = {isa = PBXFileReference; lastKnownFileType = text.plist.xml; path = Info.plist; sourceTree = "<group>"; };
		801CA38724CD470900E6341F /* tip calculatorTests.xctest */ = {isa = PBXFileReference; explicitFileType = wrapper.cfbundle; includeInIndex = 0; path = "tip calculatorTests.xctest"; sourceTree = BUILT_PRODUCTS_DIR; };
		801CA38B24CD470900E6341F /* tip_calculatorTests.swift */ = {isa = PBXFileReference; lastKnownFileType = sourcecode.swift; path = tip_calculatorTests.swift; sourceTree = "<group>"; };
		801CA38D24CD470900E6341F /* Info.plist */ = {isa = PBXFileReference; lastKnownFileType = text.plist.xml; path = Info.plist; sourceTree = "<group>"; };
		801CA39224CD470900E6341F /* tip calculatorUITests.xctest */ = {isa = PBXFileReference; explicitFileType = wrapper.cfbundle; includeInIndex = 0; path = "tip calculatorUITests.xctest"; sourceTree = BUILT_PRODUCTS_DIR; };
		801CA39624CD470900E6341F /* tip_calculatorUITests.swift */ = {isa = PBXFileReference; lastKnownFileType = sourcecode.swift; path = tip_calculatorUITests.swift; sourceTree = "<group>"; };
		801CA39824CD470900E6341F /* Info.plist */ = {isa = PBXFileReference; lastKnownFileType = text.plist.xml; path = Info.plist; sourceTree = "<group>"; };
/* End PBXFileReference section */

/* Begin PBXFrameworksBuildPhase section */
		801CA36E24CD470600E6341F /* Frameworks */ = {
			isa = PBXFrameworksBuildPhase;
			buildActionMask = 2147483647;
			files = (
			);
			runOnlyForDeploymentPostprocessing = 0;
		};
		801CA38424CD470900E6341F /* Frameworks */ = {
			isa = PBXFrameworksBuildPhase;
			buildActionMask = 2147483647;
			files = (
			);
			runOnlyForDeploymentPostprocessing = 0;
		};
		801CA38F24CD470900E6341F /* Frameworks */ = {
			isa = PBXFrameworksBuildPhase;
			buildActionMask = 2147483647;
			files = (
			);
			runOnlyForDeploymentPostprocessing = 0;
		};
/* End PBXFrameworksBuildPhase section */

/* Begin PBXGroup section */
		801CA36824CD470600E6341F = {
			isa = PBXGroup;
			children = (
				801CA37324CD470600E6341F /* tip calculator */,
				801CA38A24CD470900E6341F /* tip calculatorTests */,
				801CA39524CD470900E6341F /* tip calculatorUITests */,
				801CA37224CD470600E6341F /* Products */,
			);
			sourceTree = "<group>";
		};
		801CA37224CD470600E6341F /* Products */ = {
			isa = PBXGroup;
			children = (
				801CA37124CD470600E6341F /* tip calculator.app */,
				801CA38724CD470900E6341F /* tip calculatorTests.xctest */,
				801CA39224CD470900E6341F /* tip calculatorUITests.xctest */,
			);
			name = Products;
			sourceTree = "<group>";
		};
		801CA37324CD470600E6341F /* tip calculator */ = {
			isa = PBXGroup;
			children = (
				801CA37424CD470600E6341F /* AppDelegate.swift */,
				801CA37624CD470600E6341F /* SceneDelegate.swift */,
				801CA37824CD470600E6341F /* ViewController.swift */,
				801CA37A24CD470600E6341F /* Main.storyboard */,
				801CA37D24CD470800E6341F /* Assets.xcassets */,
				801CA37F24CD470800E6341F /* LaunchScreen.storyboard */,
				801CA38224CD470800E6341F /* Info.plist */,
			);
			path = "tip calculator";
			sourceTree = "<group>";
		};
		801CA38A24CD470900E6341F /* tip calculatorTests */ = {
			isa = PBXGroup;
			children = (
				801CA38B24CD470900E6341F /* tip_calculatorTests.swift */,
				801CA38D24CD470900E6341F /* Info.plist */,
			);
			path = "tip calculatorTests";
			sourceTree = "<group>";
		};
		801CA39524CD470900E6341F /* tip calculatorUITests */ = {
			isa = PBXGroup;
			children = (
				801CA39624CD470900E6341F /* tip_calculatorUITests.swift */,
				801CA39824CD470900E6341F /* Info.plist */,
			);
			path = "tip calculatorUITests";
			sourceTree = "<group>";
		};
/* End PBXGroup section */

/* Begin PBXNativeTarget section */
		801CA37024CD470600E6341F /* tip calculator */ = {
			isa = PBXNativeTarget;
			buildConfigurationList = 801CA39B24CD470900E6341F /* Build configuration list for PBXNativeTarget "tip calculator" */;
			buildPhases = (
				801CA36D24CD470600E6341F /* Sources */,
				801CA36E24CD470600E6341F /* Frameworks */,
				801CA36F24CD470600E6341F /* Resources */,
			);
			buildRules = (
			);
			dependencies = (
			);
			name = "tip calculator";
			productName = "tip calculator";
			productReference = 801CA37124CD470600E6341F /* tip calculator.app */;
			productType = "com.apple.product-type.application";
		};
		801CA38624CD470900E6341F /* tip calculatorTests */ = {
			isa = PBXNativeTarget;
			buildConfigurationList = 801CA39E24CD470900E6341F /* Build configuration list for PBXNativeTarget "tip calculatorTests" */;
			buildPhases = (
				801CA38324CD470900E6341F /* Sources */,
				801CA38424CD470900E6341F /* Frameworks */,
				801CA38524CD470900E6341F /* Resources */,
			);
			buildRules = (
			);
			dependencies = (
				801CA38924CD470900E6341F /* PBXTargetDependency */,
			);
			name = "tip calculatorTests";
			productName = "tip calculatorTests";
			productReference = 801CA38724CD470900E6341F /* tip calculatorTests.xctest */;
			productType = "com.apple.product-type.bundle.unit-test";
		};
		801CA39124CD470900E6341F /* tip calculatorUITests */ = {
			isa = PBXNativeTarget;
			buildConfigurationList = 801CA3A124CD470900E6341F /* Build configuration list for PBXNativeTarget "tip calculatorUITests" */;
			buildPhases = (
				801CA38E24CD470900E6341F /* Sources */,
				801CA38F24CD470900E6341F /* Frameworks */,
				801CA39024CD470900E6341F /* Resources */,
			);
			buildRules = (
			);
			dependencies = (
				801CA39424CD470900E6341F /* PBXTargetDependency */,
			);
			name = "tip calculatorUITests";
			productName = "tip calculatorUITests";
			productReference = 801CA39224CD470900E6341F /* tip calculatorUITests.xctest */;
			productType = "com.apple.product-type.bundle.ui-testing";
		};
/* End PBXNativeTarget section */

/* Begin PBXProject section */
		801CA36924CD470600E6341F /* Project object */ = {
			isa = PBXProject;
			attributes = {
				LastSwiftUpdateCheck = 1160;
				LastUpgradeCheck = 1160;
				ORGANIZATIONNAME = "Benjamin Garcia";
				TargetAttributes = {
					801CA37024CD470600E6341F = {
						CreatedOnToolsVersion = 11.6;
					};
					801CA38624CD470900E6341F = {
						CreatedOnToolsVersion = 11.6;
						TestTargetID = 801CA37024CD470600E6341F;
					};
					801CA39124CD470900E6341F = {
						CreatedOnToolsVersion = 11.6;
						TestTargetID = 801CA37024CD470600E6341F;
					};
				};
			};
			buildConfigurationList = 801CA36C24CD470600E6341F /* Build configuration list for PBXProject "tip calculator" */;
			compatibilityVersion = "Xcode 9.3";
			developmentRegion = en;
			hasScannedForEncodings = 0;
			knownRegions = (
				en,
				Base,
			);
			mainGroup = 801CA36824CD470600E6341F;
			productRefGroup = 801CA37224CD470600E6341F /* Products */;
			projectDirPath = "";
			projectRoot = "";
			targets = (
				801CA37024CD470600E6341F /* tip calculator */,
				801CA38624CD470900E6341F /* tip calculatorTests */,
				801CA39124CD470900E6341F /* tip calculatorUITests */,
			);
		};
/* End PBXProject section */

/* Begin PBXResourcesBuildPhase section */
		801CA36F24CD470600E6341F /* Resources */ = {
			isa = PBXResourcesBuildPhase;
			buildActionMask = 2147483647;
			files = (
				801CA38124CD470800E6341F /* LaunchScreen.storyboard in Resources */,
				801CA37E24CD470800E6341F /* Assets.xcassets in Resources */,
				801CA37C24CD470600E6341F /* Main.storyboard in Resources */,
			);
			runOnlyForDeploymentPostprocessing = 0;
		};
		801CA38524CD470900E6341F /* Resources */ = {
			isa = PBXResourcesBuildPhase;
			buildActionMask = 2147483647;
			files = (
			);
			runOnlyForDeploymentPostprocessing = 0;
		};
		801CA39024CD470900E6341F /* Resources */ = {
			isa = PBXResourcesBuildPhase;
			buildActionMask = 2147483647;
			files = (
			);
			runOnlyForDeploymentPostprocessing = 0;
		};
/* End PBXResourcesBuildPhase section */

/* Begin PBXSourcesBuildPhase section */
		801CA36D24CD470600E6341F /* Sources */ = {
			isa = PBXSourcesBuildPhase;
			buildActionMask = 2147483647;
			files = (
				801CA37924CD470600E6341F /* ViewController.swift in Sources */,
				801CA37524CD470600E6341F /* AppDelegate.swift in Sources */,
				801CA37724CD470600E6341F /* SceneDelegate.swift in Sources */,
			);
			runOnlyForDeploymentPostprocessing = 0;
		};
		801CA38324CD470900E6341F /* Sources */ = {
			isa = PBXSourcesBuildPhase;
			buildActionMask = 2147483647;
			files = (
				801CA38C24CD470900E6341F /* tip_calculatorTests.swift in Sources */,
			);
			runOnlyForDeploymentPostprocessing = 0;
		};
		801CA38E24CD470900E6341F /* Sources */ = {
			isa = PBXSourcesBuildPhase;
			buildActionMask = 2147483647;
			files = (
				801CA39724CD470900E6341F /* tip_calculatorUITests.swift in Sources */,
			);
			runOnlyForDeploymentPostprocessing = 0;
		};
/* End PBXSourcesBuildPhase section */

/* Begin PBXTargetDependency section */
		801CA38924CD470900E6341F /* PBXTargetDependency */ = {
			isa = PBXTargetDependency;
			target = 801CA37024CD470600E6341F /* tip calculator */;
			targetProxy = 801CA38824CD470900E6341F /* PBXContainerItemProxy */;
		};
		801CA39424CD470900E6341F /* PBXTargetDependency */ = {
			isa = PBXTargetDependency;
			target = 801CA37024CD470600E6341F /* tip calculator */;
			targetProxy = 801CA39324CD470900E6341F /* PBXContainerItemProxy */;
		};
/* End PBXTargetDependency section */

/* Begin PBXVariantGroup section */
		801CA37A24CD470600E6341F /* Main.storyboard */ = {
			isa = PBXVariantGroup;
			children = (
				801CA37B24CD470600E6341F /* Base */,
			);
			name = Main.storyboard;
			sourceTree = "<group>";
		};
		801CA37F24CD470800E6341F /* LaunchScreen.storyboard */ = {
			isa = PBXVariantGroup;
			children = (
				801CA38024CD470800E6341F /* Base */,
			);
			name = LaunchScreen.storyboard;
			sourceTree = "<group>";
		};
/* End PBXVariantGroup section */

/* Begin XCBuildConfiguration section */
		801CA39924CD470900E6341F /* Debug */ = {
			isa = XCBuildConfiguration;
			buildSettings = {
				ALWAYS_SEARCH_USER_PATHS = NO;
				CLANG_ANALYZER_NONNULL = YES;
				CLANG_ANALYZER_NUMBER_OBJECT_CONVERSION = YES_AGGRESSIVE;
				CLANG_CXX_LANGUAGE_STANDARD = "gnu++14";
				CLANG_CXX_LIBRARY = "libc++";
				CLANG_ENABLE_MODULES = YES;
				CLANG_ENABLE_OBJC_ARC = YES;
				CLANG_ENABLE_OBJC_WEAK = YES;
				CLANG_WARN_BLOCK_CAPTURE_AUTORELEASING = YES;
				CLANG_WARN_BOOL_CONVERSION = YES;
				CLANG_WARN_COMMA = YES;
				CLANG_WARN_CONSTANT_CONVERSION = YES;
				CLANG_WARN_DEPRECATED_OBJC_IMPLEMENTATIONS = YES;
				CLANG_WARN_DIRECT_OBJC_ISA_USAGE = YES_ERROR;
				CLANG_WARN_DOCUMENTATION_COMMENTS = YES;
				CLANG_WARN_EMPTY_BODY = YES;
				CLANG_WARN_ENUM_CONVERSION = YES;
				CLANG_WARN_INFINITE_RECURSION = YES;
				CLANG_WARN_INT_CONVERSION = YES;
				CLANG_WARN_NON_LITERAL_NULL_CONVERSION = YES;
				CLANG_WARN_OBJC_IMPLICIT_RETAIN_SELF = YES;
				CLANG_WARN_OBJC_LITERAL_CONVERSION = YES;
				CLANG_WARN_OBJC_ROOT_CLASS = YES_ERROR;
				CLANG_WARN_RANGE_LOOP_ANALYSIS = YES;
				CLANG_WARN_STRICT_PROTOTYPES = YES;
				CLANG_WARN_SUSPICIOUS_MOVE = YES;
				CLANG_WARN_UNGUARDED_AVAILABILITY = YES_AGGRESSIVE;
				CLANG_WARN_UNREACHABLE_CODE = YES;
				CLANG_WARN__DUPLICATE_METHOD_MATCH = YES;
				COPY_PHASE_STRIP = NO;
				DEBUG_INFORMATION_FORMAT = dwarf;
				ENABLE_STRICT_OBJC_MSGSEND = YES;
				ENABLE_TESTABILITY = YES;
				GCC_C_LANGUAGE_STANDARD = gnu11;
				GCC_DYNAMIC_NO_PIC = NO;
				GCC_NO_COMMON_BLOCKS = YES;
				GCC_OPTIMIZATION_LEVEL = 0;
				GCC_PREPROCESSOR_DEFINITIONS = (
					"DEBUG=1",
					"$(inherited)",
				);
				GCC_WARN_64_TO_32_BIT_CONVERSION = YES;
				GCC_WARN_ABOUT_RETURN_TYPE = YES_ERROR;
				GCC_WARN_UNDECLARED_SELECTOR = YES;
				GCC_WARN_UNINITIALIZED_AUTOS = YES_AGGRESSIVE;
				GCC_WARN_UNUSED_FUNCTION = YES;
				GCC_WARN_UNUSED_VARIABLE = YES;
				IPHONEOS_DEPLOYMENT_TARGET = 13.6;
				MTL_ENABLE_DEBUG_INFO = INCLUDE_SOURCE;
				MTL_FAST_MATH = YES;
				ONLY_ACTIVE_ARCH = YES;
				SDKROOT = iphoneos;
				SWIFT_ACTIVE_COMPILATION_CONDITIONS = DEBUG;
				SWIFT_OPTIMIZATION_LEVEL = "-Onone";
			};
			name = Debug;
		};
		801CA39A24CD470900E6341F /* Release */ = {
			isa = XCBuildConfiguration;
			buildSettings = {
				ALWAYS_SEARCH_USER_PATHS = NO;
				CLANG_ANALYZER_NONNULL = YES;
				CLANG_ANALYZER_NUMBER_OBJECT_CONVERSION = YES_AGGRESSIVE;
				CLANG_CXX_LANGUAGE_STANDARD = "gnu++14";
				CLANG_CXX_LIBRARY = "libc++";
				CLANG_ENABLE_MODULES = YES;
				CLANG_ENABLE_OBJC_ARC = YES;
				CLANG_ENABLE_OBJC_WEAK = YES;
				CLANG_WARN_BLOCK_CAPTURE_AUTORELEASING = YES;
				CLANG_WARN_BOOL_CONVERSION = YES;
				CLANG_WARN_COMMA = YES;
				CLANG_WARN_CONSTANT_CONVERSION = YES;
				CLANG_WARN_DEPRECATED_OBJC_IMPLEMENTATIONS = YES;
				CLANG_WARN_DIRECT_OBJC_ISA_USAGE = YES_ERROR;
				CLANG_WARN_DOCUMENTATION_COMMENTS = YES;
				CLANG_WARN_EMPTY_BODY = YES;
				CLANG_WARN_ENUM_CONVERSION = YES;
				CLANG_WARN_INFINITE_RECURSION = YES;
				CLANG_WARN_INT_CONVERSION = YES;
				CLANG_WARN_NON_LITERAL_NULL_CONVERSION = YES;
				CLANG_WARN_OBJC_IMPLICIT_RETAIN_SELF = YES;
				CLANG_WARN_OBJC_LITERAL_CONVERSION = YES;
				CLANG_WARN_OBJC_ROOT_CLASS = YES_ERROR;
				CLANG_WARN_RANGE_LOOP_ANALYSIS = YES;
				CLANG_WARN_STRICT_PROTOTYPES = YES;
				CLANG_WARN_SUSPICIOUS_MOVE = YES;
				CLANG_WARN_UNGUARDED_AVAILABILITY = YES_AGGRESSIVE;
				CLANG_WARN_UNREACHABLE_CODE = YES;
				CLANG_WARN__DUPLICATE_METHOD_MATCH = YES;
				COPY_PHASE_STRIP = NO;
				DEBUG_INFORMATION_FORMAT = "dwarf-with-dsym";
				ENABLE_NS_ASSERTIONS = NO;
				ENABLE_STRICT_OBJC_MSGSEND = YES;
				GCC_C_LANGUAGE_STANDARD = gnu11;
				GCC_NO_COMMON_BLOCKS = YES;
				GCC_WARN_64_TO_32_BIT_CONVERSION = YES;
				GCC_WARN_ABOUT_RETURN_TYPE = YES_ERROR;
				GCC_WARN_UNDECLARED_SELECTOR = YES;
				GCC_WARN_UNINITIALIZED_AUTOS = YES_AGGRESSIVE;
				GCC_WARN_UNUSED_FUNCTION = YES;
				GCC_WARN_UNUSED_VARIABLE = YES;
				IPHONEOS_DEPLOYMENT_TARGET = 13.6;
				MTL_ENABLE_DEBUG_INFO = NO;
				MTL_FAST_MATH = YES;
				SDKROOT = iphoneos;
				SWIFT_COMPILATION_MODE = wholemodule;
				SWIFT_OPTIMIZATION_LEVEL = "-O";
				VALIDATE_PRODUCT = YES;
			};
			name = Release;
		};
		801CA39C24CD470900E6341F /* Debug */ = {
			isa = XCBuildConfiguration;
			buildSettings = {
				ASSETCATALOG_COMPILER_APPICON_NAME = AppIcon;
				CODE_SIGN_STYLE = Automatic;
				INFOPLIST_FILE = "tip calculator/Info.plist";
				LD_RUNPATH_SEARCH_PATHS = (
					"$(inherited)",
					"@executable_path/Frameworks",
				);
				PRODUCT_BUNDLE_IDENTIFIER = "benjamin-garcia.tip-calculator";
				PRODUCT_NAME = "$(TARGET_NAME)";
				SWIFT_VERSION = 5.0;
				TARGETED_DEVICE_FAMILY = "1,2";
			};
			name = Debug;
		};
		801CA39D24CD470900E6341F /* Release */ = {
			isa = XCBuildConfiguration;
			buildSettings = {
				ASSETCATALOG_COMPILER_APPICON_NAME = AppIcon;
				CODE_SIGN_STYLE = Automatic;
				INFOPLIST_FILE = "tip calculator/Info.plist";
				LD_RUNPATH_SEARCH_PATHS = (
					"$(inherited)",
					"@executable_path/Frameworks",
				);
				PRODUCT_BUNDLE_IDENTIFIER = "benjamin-garcia.tip-calculator";
				PRODUCT_NAME = "$(TARGET_NAME)";
				SWIFT_VERSION = 5.0;
				TARGETED_DEVICE_FAMILY = "1,2";
			};
			name = Release;
		};
		801CA39F24CD470900E6341F /* Debug */ = {
			isa = XCBuildConfiguration;
			buildSettings = {
				ALWAYS_EMBED_SWIFT_STANDARD_LIBRARIES = YES;
				BUNDLE_LOADER = "$(TEST_HOST)";
				CODE_SIGN_STYLE = Automatic;
				INFOPLIST_FILE = "tip calculatorTests/Info.plist";
				IPHONEOS_DEPLOYMENT_TARGET = 13.6;
				LD_RUNPATH_SEARCH_PATHS = (
					"$(inherited)",
					"@executable_path/Frameworks",
					"@loader_path/Frameworks",
				);
				PRODUCT_BUNDLE_IDENTIFIER = "benjamin-garcia.tip-calculatorTests";
				PRODUCT_NAME = "$(TARGET_NAME)";
				SWIFT_VERSION = 5.0;
				TARGETED_DEVICE_FAMILY = "1,2";
				TEST_HOST = "$(BUILT_PRODUCTS_DIR)/tip calculator.app/tip calculator";
			};
			name = Debug;
		};
		801CA3A024CD470900E6341F /* Release */ = {
			isa = XCBuildConfiguration;
			buildSettings = {
				ALWAYS_EMBED_SWIFT_STANDARD_LIBRARIES = YES;
				BUNDLE_LOADER = "$(TEST_HOST)";
				CODE_SIGN_STYLE = Automatic;
				INFOPLIST_FILE = "tip calculatorTests/Info.plist";
				IPHONEOS_DEPLOYMENT_TARGET = 13.6;
				LD_RUNPATH_SEARCH_PATHS = (
					"$(inherited)",
					"@executable_path/Frameworks",
					"@loader_path/Frameworks",
				);
				PRODUCT_BUNDLE_IDENTIFIER = "benjamin-garcia.tip-calculatorTests";
				PRODUCT_NAME = "$(TARGET_NAME)";
				SWIFT_VERSION = 5.0;
				TARGETED_DEVICE_FAMILY = "1,2";
				TEST_HOST = "$(BUILT_PRODUCTS_DIR)/tip calculator.app/tip calculator";
			};
			name = Release;
		};
		801CA3A224CD470900E6341F /* Debug */ = {
			isa = XCBuildConfiguration;
			buildSettings = {
				ALWAYS_EMBED_SWIFT_STANDARD_LIBRARIES = YES;
				CODE_SIGN_STYLE = Automatic;
				INFOPLIST_FILE = "tip calculatorUITests/Info.plist";
				LD_RUNPATH_SEARCH_PATHS = (
					"$(inherited)",
					"@executable_path/Frameworks",
					"@loader_path/Frameworks",
				);
				PRODUCT_BUNDLE_IDENTIFIER = "benjamin-garcia.tip-calculatorUITests";
				PRODUCT_NAME = "$(TARGET_NAME)";
				SWIFT_VERSION = 5.0;
				TARGETED_DEVICE_FAMILY = "1,2";
				TEST_TARGET_NAME = "tip calculator";
			};
			name = Debug;
		};
		801CA3A324CD470900E6341F /* Release */ = {
			isa = XCBuildConfiguration;
			buildSettings = {
				ALWAYS_EMBED_SWIFT_STANDARD_LIBRARIES = YES;
				CODE_SIGN_STYLE = Automatic;
				INFOPLIST_FILE = "tip calculatorUITests/Info.plist";
				LD_RUNPATH_SEARCH_PATHS = (
					"$(inherited)",
					"@executable_path/Frameworks",
					"@loader_path/Frameworks",
				);
				PRODUCT_BUNDLE_IDENTIFIER = "benjamin-garcia.tip-calculatorUITests";
				PRODUCT_NAME = "$(TARGET_NAME)";
				SWIFT_VERSION = 5.0;
				TARGETED_DEVICE_FAMILY = "1,2";
				TEST_TARGET_NAME = "tip calculator";
			};
			name = Release;
		};
/* End XCBuildConfiguration section */

/* Begin XCConfigurationList section */
		801CA36C24CD470600E6341F /* Build configuration list for PBXProject "tip calculator" */ = {
			isa = XCConfigurationList;
			buildConfigurations = (
				801CA39924CD470900E6341F /* Debug */,
				801CA39A24CD470900E6341F /* Release */,
			);
			defaultConfigurationIsVisible = 0;
			defaultConfigurationName = Release;
		};
		801CA39B24CD470900E6341F /* Build configuration list for PBXNativeTarget "tip calculator" */ = {
			isa = XCConfigurationList;
			buildConfigurations = (
				801CA39C24CD470900E6341F /* Debug */,
				801CA39D24CD470900E6341F /* Release */,
			);
			defaultConfigurationIsVisible = 0;
			defaultConfigurationName = Release;
		};
		801CA39E24CD470900E6341F /* Build configuration list for PBXNativeTarget "tip calculatorTests" */ = {
			isa = XCConfigurationList;
			buildConfigurations = (
				801CA39F24CD470900E6341F /* Debug */,
				801CA3A024CD470900E6341F /* Release */,
			);
			defaultConfigurationIsVisible = 0;
			defaultConfigurationName = Release;
		};
		801CA3A124CD470900E6341F /* Build configuration list for PBXNativeTarget "tip calculatorUITests" */ = {
			isa = XCConfigurationList;
			buildConfigurations = (
				801CA3A224CD470900E6341F /* Debug */,
				801CA3A324CD470900E6341F /* Release */,
			);
			defaultConfigurationIsVisible = 0;
			defaultConfigurationName = Release;
		};
/* End XCConfigurationList section */
	};
	rootObject = 801CA36924CD470600E6341F /* Project object */;
}
